last_updated_at: 2022-03-24T00:14:18.543339541Z
images:
- template:
    src: Dockerfile.tpl
    dest: Dockerfile
  command: |
    git checkout -b branch-{{.Tag}}
    git add {{.TemplateDestination}}
    git commit -m "update to {{.Tag}}"
    git push origin :{{.Tag}}
    git tag {{.Tag}}
    git push origin {{.Tag}}
    git checkout master
  base:
    provider: dockerhub
    image: library/php
    tags:
    - pattern: ^8.1.[0-9]+\-cli\-bullseye$
      version: ^8.1.0
      resolved: 8.1.4-cli-bullseye
      os: linux
      architecture: amd64
      last_updated_at: 2022-03-23T23:00:34.34452Z
    - pattern: ^8.1\-cli\-bullseye$
      version: ^8.1
      resolved: 8.1-cli-bullseye
      os: linux
      architecture: amd64
      last_updated_at: 2022-03-23T22:37:34.010025Z
    - pattern: ^8.1.[0-9]+\-cli\-buster$
      version: ^8.1.0
      resolved: 8.1.4-cli-buster
      os: linux
      architecture: amd64
      last_updated_at: 2022-03-23T23:00:40.037644Z
    - pattern: ^8.1\-cli\-buster$
      version: ^8.1
      resolved: 8.1-cli-buster
      os: linux
      architecture: amd64
      last_updated_at: 2022-03-23T22:37:38.450577Z
    - pattern: ^8.1.[0-9]+\-apache\-bullseye$
      version: ^8.1.0
      resolved: 8.1.4-apache-bullseye
      os: linux
      architecture: amd64
      last_updated_at: 2022-03-23T22:38:51.416333Z
    - pattern: ^8.1\-apache\-bullseye$
      version: ^8.1
      resolved: 8.1-apache-bullseye
      os: linux
      architecture: amd64
      last_updated_at: 2022-03-23T22:36:57.087079Z
    - pattern: ^8.1.[0-9]+\-apache\-buster$
      version: ^8.1.0
      resolved: 8.1.4-apache-buster
      os: linux
      architecture: amd64
      last_updated_at: 2022-03-23T22:38:56.38496Z
    - pattern: ^8.1\-apache\-buster$
      version: ^8.1
      resolved: 8.1-apache-buster
      os: linux
      architecture: amd64
      last_updated_at: 2022-03-23T22:37:02.209878Z
    - pattern: ^8.1.[0-9]+\-fpm\-bullseye$
      version: ^8.1.0
      resolved: 8.1.4-fpm-bullseye
      os: linux
      architecture: amd64
      last_updated_at: 2022-03-23T23:01:04.870994Z
    - pattern: ^8.1\-fpm\-bullseye$
      version: ^8.1
      resolved: 8.1-fpm-bullseye
      os: linux
      architecture: amd64
      last_updated_at: 2022-03-23T22:38:02.152559Z
    - pattern: ^8.1.[0-9]+\-fpm\-buster$
      version: ^8.1.0
      resolved: 8.1.4-fpm-buster
      os: linux
      architecture: amd64
      last_updated_at: 2022-03-23T23:01:10.102481Z
    - pattern: ^8.1\-fpm\-buster$
      version: ^8.1
      resolved: 8.1-fpm-buster
      os: linux
      architecture: amd64
      last_updated_at: 2022-03-23T22:38:07.353012Z
    - pattern: ^8.0.[0-9]+\-cli\-bullseye$
      version: ^8.0.0
      resolved: 8.0.17-cli-bullseye
      os: linux
      architecture: amd64
      last_updated_at: 2022-03-23T22:35:40.861683Z
    - pattern: ^8.0\-cli\-bullseye$
      version: ^8.0
      resolved: 8.0-cli-bullseye
      os: linux
      architecture: amd64
      last_updated_at: 2022-03-23T22:29:03.061482Z
    - pattern: ^8.0.[0-9]+\-cli\-buster$
      version: ^8.0.0
      resolved: 8.0.17-cli-buster
      os: linux
      architecture: amd64
      last_updated_at: 2022-03-23T22:35:45.535884Z
    - pattern: ^8.0\-cli\-buster$
      version: ^8.0
      resolved: 8.0-cli-buster
      os: linux
      architecture: amd64
      last_updated_at: 2022-03-23T22:29:07.52934Z
    - pattern: ^8.0.[0-9]+\-apache\-bullseye$
      version: ^8.0.0
      resolved: 8.0.17-apache-bullseye
      os: linux
      architecture: amd64
      last_updated_at: 2022-03-23T22:35:01.293707Z
    - pattern: ^8.0\-apache\-bullseye$
      version: ^8.0
      resolved: 8.0-apache-bullseye
      os: linux
      architecture: amd64
      last_updated_at: 2022-03-23T22:28:06.666914Z
    - pattern: ^8.0.[0-9]+\-apache\-buster$
      version: ^8.0.0
      resolved: 8.0.17-apache-buster
      os: linux
      architecture: amd64
      last_updated_at: 2022-03-23T22:35:06.193891Z
    - pattern: ^8.0\-apache\-buster$
      version: ^8.0
      resolved: 8.0-apache-buster
      os: linux
      architecture: amd64
      last_updated_at: 2022-03-23T22:28:21.98036Z
    - pattern: ^8.0.[0-9]+\-fpm\-bullseye$
      version: ^8.0.0
      resolved: 8.0.17-fpm-bullseye
      os: linux
      architecture: amd64
      last_updated_at: 2022-03-23T22:36:08.829988Z
    - pattern: ^8.0\-fpm\-bullseye$
      version: ^8.0
      resolved: 8.0-fpm-bullseye
      os: linux
      architecture: amd64
      last_updated_at: 2022-03-23T22:33:51.110066Z
    - pattern: ^8.0.[0-9]+\-fpm\-buster$
      version: ^8.0.0
      resolved: 8.0.17-fpm-buster
      os: linux
      architecture: amd64
      last_updated_at: 2022-03-23T22:36:14.453072Z
    - pattern: ^8.0\-fpm\-buster$
      version: ^8.0
      resolved: 8.0-fpm-buster
      os: linux
      architecture: amd64
      last_updated_at: 2022-03-23T22:34:04.559222Z
    - pattern: ^7.4.[0-9]+\-cli\-bullseye$
      version: ^7.4.0
      resolved: 7.4.28-cli-bullseye
      os: linux
      architecture: amd64
      last_updated_at: 2022-03-23T22:21:47.763342Z
    - pattern: ^7.4\-cli\-bullseye$
      version: ^7.4
      resolved: 7.4-cli-bullseye
      os: linux
      architecture: amd64
      last_updated_at: 2022-03-23T22:19:42.03042Z
    - pattern: ^7.4.[0-9]+\-cli\-buster$
      version: ^7.4.0
      resolved: 7.4.28-cli-buster
      os: linux
      architecture: amd64
      last_updated_at: 2022-03-23T22:21:52.377816Z
    - pattern: ^7.4\-cli\-buster$
      version: "7.4"
      resolved: 7.4-cli-buster
      os: linux
      architecture: amd64
      last_updated_at: 2022-03-23T22:19:47.411513Z
    - pattern: ^7.4.[0-9]+\-apache\-bullseye$
      version: ^7.4.0
      resolved: 7.4.28-apache-bullseye
      os: linux
      architecture: amd64
      last_updated_at: 2022-03-23T22:21:11.811619Z
    - pattern: ^7.4\-apache\-bullseye$
      version: ^7.4
      resolved: 7.4-apache-bullseye
      os: linux
      architecture: amd64
      last_updated_at: 2022-03-23T22:19:02.931319Z
    - pattern: ^7.4.[0-9]+\-apache\-buster$
      version: ^7.4.0
      resolved: 7.4.28-apache-buster
      os: linux
      architecture: amd64
      last_updated_at: 2022-03-23T22:21:16.13107Z
    - pattern: ^7.4\-apache\-buster$
      version: "7.4"
      resolved: 7.4-apache-buster
      os: linux
      architecture: amd64
      last_updated_at: 2022-03-23T22:19:10.434684Z
    - pattern: ^7.4.[0-9]+\-fpm\-bullseye$
      version: ^7.4.0
      resolved: 7.4.28-fpm-bullseye
      os: linux
      architecture: amd64
      last_updated_at: 2022-03-23T22:22:15.173502Z
    - pattern: ^7.4\-fpm\-bullseye$
      version: ^7.4
      resolved: 7.4-fpm-bullseye
      os: linux
      architecture: amd64
      last_updated_at: 2022-03-23T22:20:13.011567Z
    - pattern: ^7.4.[0-9]+\-fpm\-buster$
      version: ^7.4.0
      resolved: 7.4.28-fpm-buster
      os: linux
      architecture: amd64
      last_updated_at: 2022-03-23T22:22:20.146414Z
    - pattern: ^7.4\-fpm\-buster$
      version: "7.4"
      resolved: 7.4-fpm-buster
      os: linux
      architecture: amd64
      last_updated_at: 2022-03-23T22:20:17.92848Z
    - pattern: ^8\-cli\-bullseye$
      version: "8"
      resolved: 8-cli-bullseye
      os: linux
      architecture: amd64
      last_updated_at: 2022-03-23T22:24:57.599087Z
    - pattern: ^7\-cli\-bullseye$
      version: "7"
      resolved: 7-cli-bullseye
      os: linux
      architecture: amd64
      last_updated_at: 2022-03-23T22:16:16.082625Z
    - pattern: ^8\-cli\-buster$
      version: "8"
      resolved: 8-cli-buster
      os: linux
      architecture: amd64
      last_updated_at: 2022-03-23T22:25:02.46865Z
    - pattern: ^7\-cli\-buster$
      version: "7"
      resolved: 7-cli-buster
      os: linux
      architecture: amd64
      last_updated_at: 2022-03-23T22:16:20.896398Z
    - pattern: ^8\-apache\-bullseye$
      version: "8"
      resolved: 8-apache-bullseye
      os: linux
      architecture: amd64
      last_updated_at: 2022-03-23T22:23:59.980297Z
    - pattern: ^7\-apache\-bullseye$
      version: "7"
      resolved: 7-apache-bullseye
      os: linux
      architecture: amd64
      last_updated_at: 2022-03-23T22:15:08.936596Z
    - pattern: ^8\-apache\-buster$
      version: "8"
      resolved: 8-apache-buster
      os: linux
      architecture: amd64
      last_updated_at: 2022-03-23T22:24:15.29989Z
    - pattern: ^7\-apache\-buster$
      version: "7"
      resolved: 7-apache-buster
      os: linux
      architecture: amd64
      last_updated_at: 2022-03-23T22:15:31.115117Z
    - pattern: ^8\-fpm\-bullseye$
      version: "8"
      resolved: 8-fpm-bullseye
      os: linux
      architecture: amd64
      last_updated_at: 2022-03-23T22:26:04.129259Z
    - pattern: ^7\-fpm\-bullseye$
      version: "7"
      resolved: 7-fpm-bullseye
      os: linux
      architecture: amd64
      last_updated_at: 2022-03-23T22:17:19.423267Z
    - pattern: ^8\-fpm\-buster$
      version: "8"
      resolved: 8-fpm-buster
      os: linux
      architecture: amd64
      last_updated_at: 2022-03-23T22:26:18.006423Z
    - pattern: ^7\-fpm\-buster$
      version: "7"
      resolved: 7-fpm-buster
      os: linux
      architecture: amd64
      last_updated_at: 2022-03-23T22:17:31.948261Z
    - pattern: ^7.3.[0-9]+\-cli\-buster$
      version: ^7.3.0
      resolved: 7.3.33-cli-buster
      os: linux
      architecture: amd64
      last_updated_at: 2022-03-18T19:59:10.14501Z
    - pattern: ^7.3\-cli\-buster$
      version: "7.3"
      resolved: 7.3-cli-buster
      os: linux
      architecture: amd64
      last_updated_at: 2022-03-18T19:55:48.7464Z
    - pattern: ^7.2.[0-9]+\-cli\-buster$
      version: ^7.2.0
      resolved: 7.2.34-cli-buster
      os: linux
      architecture: amd64
      last_updated_at: 2020-12-11T14:22:13.178161Z
    - pattern: ^7.2\-cli\-buster$
      version: "7.2"
      resolved: 7.2-cli-buster
      os: linux
      architecture: amd64
      last_updated_at: 2020-12-11T14:18:07.129641Z
    - pattern: ^7.1.[0-9]+\-cli\-buster$
      version: ^7.1.0
      resolved: 7.1.33-cli-buster
      os: linux
      architecture: amd64
      last_updated_at: 2019-11-22T23:03:35.257977Z
    - pattern: ^7.1\-cli\-buster$
      version: "7.1"
      resolved: 7.1-cli-buster
      os: linux
      architecture: amd64
      last_updated_at: 2019-11-22T23:01:23.882476Z
    - pattern: ^7.3.[0-9]+\-fpm\-buster$
      version: ^7.3.0
      resolved: 7.3.33-fpm-buster
      os: linux
      architecture: amd64
      last_updated_at: 2022-03-18T19:59:38.77427Z
    - pattern: ^7.3\-fpm\-buster$
      version: "7.3"
      resolved: 7.3-fpm-buster
      os: linux
      architecture: amd64
      last_updated_at: 2022-03-18T19:56:57.500993Z
    - pattern: ^7.2.[0-9]+\-fpm\-buster$
      version: ^7.2.0
      resolved: 7.2.34-fpm-buster
      os: linux
      architecture: amd64
      last_updated_at: 2020-12-11T14:22:47.222935Z
    - pattern: ^7.2\-fpm\-buster$
      version: "7.2"
      resolved: 7.2-fpm-buster
      os: linux
      architecture: amd64
      last_updated_at: 2020-12-11T14:19:25.062752Z
    - pattern: ^7.1.[0-9]+\-fpm\-buster$
      version: ^7.1.0
      resolved: 7.1.33-fpm-buster
      os: linux
      architecture: amd64
      last_updated_at: 2019-11-22T23:03:51.818527Z
    - pattern: ^7.1\-fpm\-buster$
      version: "7.1"
      resolved: 7.1-fpm-buster
      os: linux
      architecture: amd64
      last_updated_at: 2019-11-22T23:02:01.045123Z
    - pattern: ^7.3.[0-9]+\-apache\-buster$
      version: ^7.3.0
      resolved: 7.3.33-apache-buster
      os: linux
      architecture: amd64
      last_updated_at: 2022-03-18T19:58:35.095282Z
    - pattern: ^7.3\-apache\-buster$
      version: "7.3"
      resolved: 7.3-apache-buster
      os: linux
      architecture: amd64
      last_updated_at: 2022-03-18T19:54:53.936329Z
    - pattern: ^7.2.[0-9]+\-apache\-buster$
      version: ^7.2.0
      resolved: 7.2.34-apache-buster
      os: linux
      architecture: amd64
      last_updated_at: 2020-12-11T14:21:30.156232Z
    - pattern: ^7.2\-apache\-buster$
      version: "7.2"
      resolved: 7.2-apache-buster
      os: linux
      architecture: amd64
      last_updated_at: 2020-12-11T14:17:22.278934Z
    - pattern: ^7.1.[0-9]+\-apache\-buster$
      version: ^7.1.0
      resolved: 7.1.33-apache-buster
      os: linux
      architecture: amd64
      last_updated_at: 2019-11-28T21:55:39.189013Z
    - pattern: ^7.1\-apache\-buster$
      version: "7.1"
      resolved: 7.1-apache-buster
      os: linux
      architecture: amd64
      last_updated_at: 2019-11-28T21:54:48.693286Z
