last_updated_at: 2021-07-03T00:07:05.686257648Z
images:
- template:
    src: Dockerfile.tpl
    dest: Dockerfile
  command: |
    git checkout -b branch-{{.Tag}}
    git add {{.TemplateDestination}}
    git commit -m "update to {{.Tag}}"
    git push origin :{{.Tag}}
    git tag {{.Tag}}
    git push origin {{.Tag}}
    git checkout master
  base:
    provider: dockerhub
    image: library/php
    tags:
    - pattern: ^8.0.[0-9]+\-cli\-buster$
      version: ^8.0.0
      resolved: 8.0.8-cli-buster
      os: linux
      architecture: amd64
      last_updated_at: 2021-07-02T02:01:18.700924Z
    - pattern: ^8.0+\-cli\-buster$
      version: ^8.0
      resolved: 8.0-cli-buster
      os: linux
      architecture: amd64
      last_updated_at: 2021-07-02T02:00:07.718338Z
    - pattern: ^8\-cli\-buster$
      version: "8"
      resolved: 8-cli-buster
      os: linux
      architecture: amd64
      last_updated_at: 2021-07-02T01:58:31.020011Z
    - pattern: ^8.0.[0-9]+\-apache\-buster$
      version: ^8.0.0
      resolved: 8.0.8-apache-buster
      os: linux
      architecture: amd64
      last_updated_at: 2021-07-02T02:00:55.528189Z
    - pattern: ^8.0+\-apache\-buster$
      version: ^8.0
      resolved: 8.0-apache-buster
      os: linux
      architecture: amd64
      last_updated_at: 2021-07-02T01:59:46.026061Z
    - pattern: ^8\-apache\-buster$
      version: "8"
      resolved: 8-apache-buster
      os: linux
      architecture: amd64
      last_updated_at: 2021-07-02T01:58:10.992053Z
    - pattern: ^8.0.[0-9]+\-fpm\-buster$
      version: ^8.0.0
      resolved: 8.0.8-fpm-buster
      os: linux
      architecture: amd64
      last_updated_at: 2021-07-02T02:01:36.616379Z
    - pattern: ^8.0+\-fpm\-buster$
      version: ^8.0
      resolved: 8.0-fpm-buster
      os: linux
      architecture: amd64
      last_updated_at: 2021-07-02T02:00:21.549045Z
    - pattern: ^8\-fpm\-buster$
      version: "8"
      resolved: 8-fpm-buster
      os: linux
      architecture: amd64
      last_updated_at: 2021-07-02T01:59:07.261895Z
    - pattern: ^7.4.[0-9]+\-cli\-buster$
      version: ^7.4.0
      resolved: 7.4.21-cli-buster
      os: linux
      architecture: amd64
      last_updated_at: 2021-07-01T23:02:56.227658Z
    - pattern: ^7.4\-cli\-buster$
      version: "7.4"
      resolved: 7.4-cli-buster
      os: linux
      architecture: amd64
      last_updated_at: 2021-07-01T23:00:11.610507Z
    - pattern: ^7.3.[0-9]+\-cli\-buster$
      version: ^7.3.0
      resolved: 7.3.29-cli-buster
      os: linux
      architecture: amd64
      last_updated_at: 2021-07-01T23:25:15.217218Z
    - pattern: ^7.3\-cli\-buster$
      version: "7.3"
      resolved: 7.3-cli-buster
      os: linux
      architecture: amd64
      last_updated_at: 2021-07-01T23:21:50.52165Z
    - pattern: ^7.2.[0-9]+\-cli\-buster$
      version: ^7.2.0
      resolved: 7.2.34-cli-buster
      os: linux
      architecture: amd64
      last_updated_at: 2020-12-11T14:22:13.178161Z
    - pattern: ^7.2\-cli\-buster$
      version: "7.2"
      resolved: 7.2-cli-buster
      os: linux
      architecture: amd64
      last_updated_at: 2020-12-11T14:18:07.129641Z
    - pattern: ^7.1.[0-9]+\-cli\-buster$
      version: ^7.1.0
      resolved: 7.1.33-cli-buster
      os: linux
      architecture: amd64
      last_updated_at: 2019-11-22T23:03:35.257977Z
    - pattern: ^7.1\-cli\-buster$
      version: "7.1"
      resolved: 7.1-cli-buster
      os: linux
      architecture: amd64
      last_updated_at: 2019-11-22T23:01:23.882476Z
    - pattern: ^7\-cli\-buster$
      version: "7"
      resolved: 7-cli-buster
      os: linux
      architecture: amd64
      last_updated_at: 2021-07-01T22:55:02.997446Z
    - pattern: ^7.4.[0-9]+\-fpm\-buster$
      version: ^7.4.0
      resolved: 7.4.21-fpm-buster
      os: linux
      architecture: amd64
      last_updated_at: 2021-07-01T23:03:17.322588Z
    - pattern: ^7.4\-fpm\-buster$
      version: "7.4"
      resolved: 7.4-fpm-buster
      os: linux
      architecture: amd64
      last_updated_at: 2021-07-01T23:01:04.054289Z
    - pattern: ^7.3.[0-9]+\-fpm\-buster$
      version: ^7.3.0
      resolved: 7.3.29-fpm-buster
      os: linux
      architecture: amd64
      last_updated_at: 2021-07-01T23:25:38.558396Z
    - pattern: ^7.3\-fpm\-buster$
      version: "7.3"
      resolved: 7.3-fpm-buster
      os: linux
      architecture: amd64
      last_updated_at: 2021-07-01T23:22:57.926477Z
    - pattern: ^7.2.[0-9]+\-fpm\-buster$
      version: ^7.2.0
      resolved: 7.2.34-fpm-buster
      os: linux
      architecture: amd64
      last_updated_at: 2020-12-11T14:22:47.222935Z
    - pattern: ^7.2\-fpm\-buster$
      version: "7.2"
      resolved: 7.2-fpm-buster
      os: linux
      architecture: amd64
      last_updated_at: 2020-12-11T14:19:25.062752Z
    - pattern: ^7.1.[0-9]+\-fpm\-buster$
      version: ^7.1.0
      resolved: 7.1.33-fpm-buster
      os: linux
      architecture: amd64
      last_updated_at: 2019-11-22T23:03:51.818527Z
    - pattern: ^7.1\-fpm\-buster$
      version: "7.1"
      resolved: 7.1-fpm-buster
      os: linux
      architecture: amd64
      last_updated_at: 2019-11-22T23:02:01.045123Z
    - pattern: ^7\-fpm\-buster$
      version: "7"
      resolved: 7-fpm-buster
      os: linux
      architecture: amd64
      last_updated_at: 2021-07-01T23:19:43.259794Z
    - pattern: ^7.4.[0-9]+\-apache\-buster$
      version: ^7.4.0
      resolved: 7.4.21-apache-buster
      os: linux
      architecture: amd64
      last_updated_at: 2021-07-01T23:02:26.704703Z
    - pattern: ^7.4\-apache\-buster$
      version: "7.4"
      resolved: 7.4-apache-buster
      os: linux
      architecture: amd64
      last_updated_at: 2021-07-01T22:59:45.548991Z
    - pattern: ^7.3.[0-9]+\-apache\-buster$
      version: ^7.3.0
      resolved: 7.3.29-apache-buster
      os: linux
      architecture: amd64
      last_updated_at: 2021-07-01T23:24:46.302794Z
    - pattern: ^7.3\-apache\-buster$
      version: "7.3"
      resolved: 7.3-apache-buster
      os: linux
      architecture: amd64
      last_updated_at: 2021-07-01T23:21:10.797603Z
    - pattern: ^7.2.[0-9]+\-apache\-buster$
      version: ^7.2.0
      resolved: 7.2.34-apache-buster
      os: linux
      architecture: amd64
      last_updated_at: 2020-12-11T14:21:30.156232Z
    - pattern: ^7.2\-apache\-buster$
      version: "7.2"
      resolved: 7.2-apache-buster
      os: linux
      architecture: amd64
      last_updated_at: 2020-12-11T14:17:22.278934Z
    - pattern: ^7.1.[0-9]+\-apache\-buster$
      version: ^7.1.0
      resolved: 7.1.33-apache-buster
      os: linux
      architecture: amd64
      last_updated_at: 2019-11-28T21:55:39.189013Z
    - pattern: ^7.1\-apache\-buster$
      version: "7.1"
      resolved: 7.1-apache-buster
      os: linux
      architecture: amd64
      last_updated_at: 2019-11-28T21:54:48.693286Z
    - pattern: ^7\-apache\-buster$
      version: "7"
      resolved: 7-apache-buster
      os: linux
      architecture: amd64
      last_updated_at: 2021-07-01T23:18:59.082263Z
