last_updated_at: 2021-08-27T00:07:38.575184139Z
images:
- template:
    src: Dockerfile.tpl
    dest: Dockerfile
  command: |
    git checkout -b branch-{{.Tag}}
    git add {{.TemplateDestination}}
    git commit -m "update to {{.Tag}}"
    git push origin :{{.Tag}}
    git tag {{.Tag}}
    git push origin {{.Tag}}
    git checkout master
  base:
    provider: dockerhub
    image: library/php
    tags:
    - pattern: ^8.1\-rc\-fpm$
      version: 8.1-rc
      resolved: 8.1-rc-fpm
      os: linux
      architecture: amd64
      last_updated_at: 2021-08-26T23:04:26.905332Z
    - pattern: ^8.1\-rc\-apache$
      version: 8.1-rc
      resolved: 8.1-rc-apache
      os: linux
      architecture: amd64
      last_updated_at: 2021-08-26T23:03:17.956844Z
    - pattern: ^8.1\-rc\-cli$
      version: 8.1-rc
      resolved: 8.1-rc-cli
      os: linux
      architecture: amd64
      last_updated_at: 2021-08-26T23:04:01.124972Z
    - pattern: ^8.0.[0-9]+\-cli\-buster$
      version: ^8.0.0
      resolved: 8.0.9-cli-buster
      os: linux
      architecture: amd64
      last_updated_at: 2021-08-18T04:25:46.414695Z
    - pattern: ^8.0+\-cli\-buster$
      version: ^8.0
      resolved: 8.0-cli-buster
      os: linux
      architecture: amd64
      last_updated_at: 2021-08-26T23:01:11.127776Z
    - pattern: ^8\-cli\-buster$
      version: "8"
      resolved: 8-cli-buster
      os: linux
      architecture: amd64
      last_updated_at: 2021-08-26T22:58:56.721312Z
    - pattern: ^8.0.[0-9]+\-apache\-buster$
      version: ^8.0.0
      resolved: 8.0.9-apache-buster
      os: linux
      architecture: amd64
      last_updated_at: 2021-08-18T04:25:18.074634Z
    - pattern: ^8.0+\-apache\-buster$
      version: ^8.0
      resolved: 8.0-apache-buster
      os: linux
      architecture: amd64
      last_updated_at: 2021-08-26T23:00:37.819957Z
    - pattern: ^8\-apache\-buster$
      version: "8"
      resolved: 8-apache-buster
      os: linux
      architecture: amd64
      last_updated_at: 2021-08-26T22:58:19.899991Z
    - pattern: ^8.0.[0-9]+\-fpm\-buster$
      version: ^8.0.0
      resolved: 8.0.9-fpm-buster
      os: linux
      architecture: amd64
      last_updated_at: 2021-08-18T04:26:05.558645Z
    - pattern: ^8.0+\-fpm\-buster$
      version: ^8.0
      resolved: 8.0-fpm-buster
      os: linux
      architecture: amd64
      last_updated_at: 2021-08-26T23:01:31.385786Z
    - pattern: ^8\-fpm\-buster$
      version: "8"
      resolved: 8-fpm-buster
      os: linux
      architecture: amd64
      last_updated_at: 2021-08-26T22:59:34.203055Z
    - pattern: ^7.4.[0-9]+\-cli\-buster$
      version: ^7.4.0
      resolved: 7.4.22-cli-buster
      os: linux
      architecture: amd64
      last_updated_at: 2021-08-18T04:19:42.430463Z
    - pattern: ^7.4\-cli\-buster$
      version: "7.4"
      resolved: 7.4-cli-buster
      os: linux
      architecture: amd64
      last_updated_at: 2021-08-26T23:35:59.301617Z
    - pattern: ^7.3.[0-9]+\-cli\-buster$
      version: ^7.3.0
      resolved: 7.3.29-cli-buster
      os: linux
      architecture: amd64
      last_updated_at: 2021-08-18T04:16:36.629145Z
    - pattern: ^7.3\-cli\-buster$
      version: "7.3"
      resolved: 7.3-cli-buster
      os: linux
      architecture: amd64
      last_updated_at: 2021-08-26T23:31:02.972342Z
    - pattern: ^7.2.[0-9]+\-cli\-buster$
      version: ^7.2.0
      resolved: 7.2.34-cli-buster
      os: linux
      architecture: amd64
      last_updated_at: 2020-12-11T14:22:13.178161Z
    - pattern: ^7.2\-cli\-buster$
      version: "7.2"
      resolved: 7.2-cli-buster
      os: linux
      architecture: amd64
      last_updated_at: 2020-12-11T14:18:07.129641Z
    - pattern: ^7.1.[0-9]+\-cli\-buster$
      version: ^7.1.0
      resolved: 7.1.33-cli-buster
      os: linux
      architecture: amd64
      last_updated_at: 2019-11-22T23:03:35.257977Z
    - pattern: ^7.1\-cli\-buster$
      version: "7.1"
      resolved: 7.1-cli-buster
      os: linux
      architecture: amd64
      last_updated_at: 2019-11-22T23:01:23.882476Z
    - pattern: ^7\-cli\-buster$
      version: "7"
      resolved: 7-cli-buster
      os: linux
      architecture: amd64
      last_updated_at: 2021-08-26T23:26:19.105895Z
    - pattern: ^7.4.[0-9]+\-fpm\-buster$
      version: ^7.4.0
      resolved: 7.4.22-fpm-buster
      os: linux
      architecture: amd64
      last_updated_at: 2021-08-18T04:20:00.254142Z
    - pattern: ^7.4\-fpm\-buster$
      version: "7.4"
      resolved: 7.4-fpm-buster
      os: linux
      architecture: amd64
      last_updated_at: 2021-08-26T23:36:28.231571Z
    - pattern: ^7.3.[0-9]+\-fpm\-buster$
      version: ^7.3.0
      resolved: 7.3.29-fpm-buster
      os: linux
      architecture: amd64
      last_updated_at: 2021-08-18T04:16:58.941645Z
    - pattern: ^7.3\-fpm\-buster$
      version: "7.3"
      resolved: 7.3-fpm-buster
      os: linux
      architecture: amd64
      last_updated_at: 2021-08-26T23:32:14.327622Z
    - pattern: ^7.2.[0-9]+\-fpm\-buster$
      version: ^7.2.0
      resolved: 7.2.34-fpm-buster
      os: linux
      architecture: amd64
      last_updated_at: 2020-12-11T14:22:47.222935Z
    - pattern: ^7.2\-fpm\-buster$
      version: "7.2"
      resolved: 7.2-fpm-buster
      os: linux
      architecture: amd64
      last_updated_at: 2020-12-11T14:19:25.062752Z
    - pattern: ^7.1.[0-9]+\-fpm\-buster$
      version: ^7.1.0
      resolved: 7.1.33-fpm-buster
      os: linux
      architecture: amd64
      last_updated_at: 2019-11-22T23:03:51.818527Z
    - pattern: ^7.1\-fpm\-buster$
      version: "7.1"
      resolved: 7.1-fpm-buster
      os: linux
      architecture: amd64
      last_updated_at: 2019-11-22T23:02:01.045123Z
    - pattern: ^7\-fpm\-buster$
      version: "7"
      resolved: 7-fpm-buster
      os: linux
      architecture: amd64
      last_updated_at: 2021-08-26T23:27:30.830461Z
    - pattern: ^7.4.[0-9]+\-apache\-buster$
      version: ^7.4.0
      resolved: 7.4.22-apache-buster
      os: linux
      architecture: amd64
      last_updated_at: 2021-08-18T04:19:11.476667Z
    - pattern: ^7.4\-apache\-buster$
      version: "7.4"
      resolved: 7.4-apache-buster
      os: linux
      architecture: amd64
      last_updated_at: 2021-08-26T23:35:19.264812Z
    - pattern: ^7.3.[0-9]+\-apache\-buster$
      version: ^7.3.0
      resolved: 7.3.29-apache-buster
      os: linux
      architecture: amd64
      last_updated_at: 2021-08-18T04:16:08.845721Z
    - pattern: ^7.3\-apache\-buster$
      version: "7.3"
      resolved: 7.3-apache-buster
      os: linux
      architecture: amd64
      last_updated_at: 2021-08-26T23:30:10.748267Z
    - pattern: ^7.2.[0-9]+\-apache\-buster$
      version: ^7.2.0
      resolved: 7.2.34-apache-buster
      os: linux
      architecture: amd64
      last_updated_at: 2020-12-11T14:21:30.156232Z
    - pattern: ^7.2\-apache\-buster$
      version: "7.2"
      resolved: 7.2-apache-buster
      os: linux
      architecture: amd64
      last_updated_at: 2020-12-11T14:17:22.278934Z
    - pattern: ^7.1.[0-9]+\-apache\-buster$
      version: ^7.1.0
      resolved: 7.1.33-apache-buster
      os: linux
      architecture: amd64
      last_updated_at: 2019-11-28T21:55:39.189013Z
    - pattern: ^7.1\-apache\-buster$
      version: "7.1"
      resolved: 7.1-apache-buster
      os: linux
      architecture: amd64
      last_updated_at: 2019-11-28T21:54:48.693286Z
    - pattern: ^7\-apache\-buster$
      version: "7"
      resolved: 7-apache-buster
      os: linux
      architecture: amd64
      last_updated_at: 2021-08-26T23:25:24.318551Z
